
Microsoft Visual Studio Solution File, Format Version 12.00
# Visual Studio 2012
Project("{FAE04EC0-301F-11D3-BF4B-00C04F79EFBC}") = "BellringingKata", "BellringingKata\BellringingKata.csproj", "{7725BF6D-30B9-4B72-99BC-C068E14B91C6}"
EndProject
Global
	GlobalSection(SolutionConfigurationPlatforms) = preSolution
		Debug|Any CPU = Debug|Any CPU
		Release|Any CPU = Release|Any CPU
	EndGlobalSection
	GlobalSection(ProjectConfigurationPlatforms) = postSolution
		{7725BF6D-30B9-4B72-99BC-C068E14B91C6}.Debug|Any CPU.ActiveCfg = Debug|Any CPU
		{7725BF6D-30B9-4B72-99BC-C068E14B91C6}.Debug|Any CPU.Build.0 = Debug|Any CPU
		{7725BF6D-30B9-4B72-99BC-C068E14B91C6}.Release|Any CPU.ActiveCfg = Release|Any CPU
		{7725BF6D-30B9-4B72-99BC-C068E14B91C6}.Release|Any CPU.Build.0 = Release|Any CPU
	EndGlobalSection
	GlobalSection(SolutionProperties) = preSolution
		HideSolutionNode = FALSE
	EndGlobalSection
EndGlobal
